{
    "_meta": {
        "hash": {
            "sha256": "5afba913b6934b75a555520ad85cc12530f0f71ff67154393c56bb9b41081acb"
        },
        "host-environment-markers": {
            "implementation_name": "cpython",
            "implementation_version": "3.6.3",
            "os_name": "posix",
            "platform_machine": "x86_64",
            "platform_python_implementation": "CPython",
            "platform_release": "4.13.0-37-generic",
            "platform_system": "Linux",
            "platform_version": "#42-Ubuntu SMP Wed Mar 7 14:13:23 UTC 2018",
            "python_full_version": "3.6.3",
            "python_version": "3.6",
            "sys_platform": "linux"
        },
        "pipfile-spec": 6,
        "requires": {
            "python_version": "3.6"
        },
        "sources": [
            {
                "name": "pypi",
                "url": "https://pypi.python.org/simple",
                "verify_ssl": true
            }
        ]
    },
    "default": {
        "mock": {
            "hashes": [
                "sha256:5ce3c71c5545b472da17b72268978914d0252980348636840bd34a00b5cc96c1",
                "sha256:b158b6df76edd239b8208d481dc46b6afd45a846b7812ff0ce58971cf5bc8bba"
            ],
            "version": "==2.0.0"
        },
        "nose": {
            "hashes": [
                "sha256:dadcddc0aefbf99eea214e0f1232b94f2fa9bd98fa8353711dacb112bfcbbb2a",
                "sha256:9ff7c6cc443f8c51994b34a667bbcf45afd6d945be7477b52e97516fd17c53ac",
                "sha256:f1bffef9cbc82628f6e7d7b40d7e255aefaa1adb6a1b1d26c69a8b79e6208a98"
            ],
            "version": "==1.3.7"
        },
        "pbr": {
            "hashes": [
                "sha256:4e8a0ed6a8705a26768f4c3da26026013b157821fe5f95881599556ea9d91c19",
                "sha256:dae4aaa78eafcad10ce2581fc34d694faa616727837fd8e55c1a00951ad6744f"
            ],
            "version": "==4.0.2"
        },
        "selenium": {
            "hashes": [
                "sha256:2b6f018e55f50e9c67a67caec2f73f806f72c162fb38cf3ea79e0a8f6506bf56",
                "sha256:5841fb30c3965866220c34d16de8e3d091e2833fcac385160a63db0c3522a297"
            ],
            "version": "==3.11.0"
        },
        "six": {
            "hashes": [
                "sha256:832dc0e10feb1aa2c68dcc57dbb658f1c7e65b9b61af69048abc87a2db00a0eb",
                "sha256:70e8a77beed4562e7f14fe23a786b54f6296e34344c23bc42f07b15018ff98e9"
            ],
            "version": "==1.11.0"
        },
        "sqlalchemy": {
            "hashes": [
                "sha256:7cb00cc9b9f92ef8b4391c8a2051f81eeafefe32d63c6b395fd51401e9a39edb"
            ],
            "version": "==1.2.6"
        },
        "testnado": {
            "hashes": [
                "sha256:b225b0bda94ed6d6fbaf70ec19a11aef86eed4b13152487ddb095b80142ab475"
            ],
            "version": "==0.4.1"
        },
        "tornado": {
            "hashes": [
                "sha256:88ce0282cce70df9045e515f578c78f1ebc35dcabe1d70f800c3583ebda7f5f5",
                "sha256:ba9fbb249ac5390bff8a1d6aa4b844fd400701069bda7d2e380dfe2217895101",
                "sha256:408d129e9d13d3c55aa73f8084aa97d5f90ed84132e38d6932e63a67d5bec563",
                "sha256:c050089173c2e9272244bccfb6a8615fb9e53b79420a5551acfa76094ecc3111",
                "sha256:1b83d5c10550f2653380b4c77331d6f8850f287c4f67d7ce1e1c639d9222fbc7"
            ],
            "version": "==5.0.2"
        },
        "tornado-sqlalchemy": {
            "hashes": [
                "sha256:b1c829350f322a94fc3174dc3cc6e2734b68dc84f4fbff869f4de789cbe3acfd",
                "sha256:042ad912f53ba385feeec3e79254db463d349dc820d945cbe45d4ea8aed9432a"
            ],
            "version": "==0.4.1"
        }
    },
    "develop": {}
}
